
Microsoft Visual Studio Solution File, Format Version 12.00
# Visual Studio 15
VisualStudioVersion = 15.0.26730.16
MinimumVisualStudioVersion = 10.0.40219.1
Project("{FAE04EC0-301F-11D3-BF4B-00C04F79EFBC}") = "2", "2\2.csproj", "{0B038017-D873-417D-A4C8-66BC60C983FC}"
EndProject
Global
	GlobalSection(SolutionConfigurationPlatforms) = preSolution
		Debug|Any CPU = Debug|Any CPU
		Release|Any CPU = Release|Any CPU
	EndGlobalSection
	GlobalSection(ProjectConfigurationPlatforms) = postSolution
		{0B038017-D873-417D-A4C8-66BC60C983FC}.Debug|Any CPU.ActiveCfg = Debug|Any CPU
		{0B038017-D873-417D-A4C8-66BC60C983FC}.Debug|Any CPU.Build.0 = Debug|Any CPU
		{0B038017-D873-417D-A4C8-66BC60C983FC}.Release|Any CPU.ActiveCfg = Release|Any CPU
		{0B038017-D873-417D-A4C8-66BC60C983FC}.Release|Any CPU.Build.0 = Release|Any CPU
	EndGlobalSection
	GlobalSection(SolutionProperties) = preSolution
		HideSolutionNode = FALSE
	EndGlobalSection
	GlobalSection(ExtensibilityGlobals) = postSolution
		SolutionGuid = {C5A547AE-2A28-4EFF-B0C9-B9B38D1916BE}
	EndGlobalSection
EndGlobal
