
Microsoft Visual Studio Solution File, Format Version 12.00
# Visual Studio 15
VisualStudioVersion = 15.0.26730.16
MinimumVisualStudioVersion = 10.0.40219.1
Project("{FAE04EC0-301F-11D3-BF4B-00C04F79EFBC}") = "task 13", "task 13\task 13.csproj", "{B8E873D6-CE89-4976-970C-77008BEBBF22}"
EndProject
Global
	GlobalSection(SolutionConfigurationPlatforms) = preSolution
		Debug|Any CPU = Debug|Any CPU
		Release|Any CPU = Release|Any CPU
	EndGlobalSection
	GlobalSection(ProjectConfigurationPlatforms) = postSolution
		{B8E873D6-CE89-4976-970C-77008BEBBF22}.Debug|Any CPU.ActiveCfg = Debug|Any CPU
		{B8E873D6-CE89-4976-970C-77008BEBBF22}.Debug|Any CPU.Build.0 = Debug|Any CPU
		{B8E873D6-CE89-4976-970C-77008BEBBF22}.Release|Any CPU.ActiveCfg = Release|Any CPU
		{B8E873D6-CE89-4976-970C-77008BEBBF22}.Release|Any CPU.Build.0 = Release|Any CPU
	EndGlobalSection
	GlobalSection(SolutionProperties) = preSolution
		HideSolutionNode = FALSE
	EndGlobalSection
	GlobalSection(ExtensibilityGlobals) = postSolution
		SolutionGuid = {BA0022D6-90EA-4EF7-967A-186E30C22638}
	EndGlobalSection
EndGlobal
