
Microsoft Visual Studio Solution File, Format Version 12.00
# Visual Studio 15
VisualStudioVersion = 15.0.26730.16
MinimumVisualStudioVersion = 10.0.40219.1
Project("{FAE04EC0-301F-11D3-BF4B-00C04F79EFBC}") = "task 10", "task 10\task 10.csproj", "{B97A54FC-C419-45E6-B00E-97E33F19FE3E}"
EndProject
Global
	GlobalSection(SolutionConfigurationPlatforms) = preSolution
		Debug|Any CPU = Debug|Any CPU
		Release|Any CPU = Release|Any CPU
	EndGlobalSection
	GlobalSection(ProjectConfigurationPlatforms) = postSolution
		{B97A54FC-C419-45E6-B00E-97E33F19FE3E}.Debug|Any CPU.ActiveCfg = Debug|Any CPU
		{B97A54FC-C419-45E6-B00E-97E33F19FE3E}.Debug|Any CPU.Build.0 = Debug|Any CPU
		{B97A54FC-C419-45E6-B00E-97E33F19FE3E}.Release|Any CPU.ActiveCfg = Release|Any CPU
		{B97A54FC-C419-45E6-B00E-97E33F19FE3E}.Release|Any CPU.Build.0 = Release|Any CPU
	EndGlobalSection
	GlobalSection(SolutionProperties) = preSolution
		HideSolutionNode = FALSE
	EndGlobalSection
	GlobalSection(ExtensibilityGlobals) = postSolution
		SolutionGuid = {28213127-E468-43B2-9AF2-B626F234AD99}
	EndGlobalSection
EndGlobal
